# This file is autogenerated, do not edit; changes may be undone by the next 'dep ensure'.


[[projects]]
  name = "git.apache.org/thrift.git"
  packages = ["lib/go/thrift"]
  revision = "0dd823580c78a79ae9696eb9b3650e400fff140f"

[[projects]]
  name = "github.com/Microsoft/go-winio"
  packages = ["."]
  revision = "7da180ee92d8bd8bb8c37fc560e673e6557c392f"
  version = "v0.4.7"

[[projects]]
  branch = "master"
  name = "github.com/kolide/osquery-go"
  packages = [".","gen/osquery","plugin/table","transport"]
  revision = "e17dfe8f44e7ac06fb2bd1cccbf64dbfbc9e5757"

[[projects]]
  name = "github.com/pkg/errors"
  packages = ["."]
  revision = "645ef00459ed84a119197bfb8d8205042c6df63d"
  version = "v0.8.0"

[[projects]]
  branch = "master"
  name = "golang.org/x/sys"
  packages = ["windows"]
  revision = "9527bec2660bd847c050fda93a0f0c6dee0800bb"

[solve-meta]
  analyzer-name = "dep"
  analyzer-version = 1
  inputs-digest = "8f5ff073096e4315c4980a0499a2cd3d869116c4a78f2b5eaaa1a1ff2dbf51d9"
  solver-name = "gps-cdcl"
  solver-version = 1
